
Microsoft Visual Studio Solution File, Format Version 12.00
# Visual Studio Version 17
VisualStudioVersion = 17.3.32922.545
MinimumVisualStudioVersion = 10.0.40219.1
Project("{FAE04EC0-301F-11D3-BF4B-00C04F79EFBC}") = "HealthCare", "HealthCare.csproj", "{9F861E89-B1BD-41DF-B2E3-A4F8D67A5F43}"
EndProject
Project("{FAE04EC0-301F-11D3-BF4B-00C04F79EFBC}") = "BusinessLayer", "..\BusinessLayer\BusinessLayer.csproj", "{9AD7F17F-FB91-47F1-B2DE-558C22F0D2CD}"
EndProject
Project("{FAE04EC0-301F-11D3-BF4B-00C04F79EFBC}") = "RepositoryLayer", "..\RepositoryLayer\RepositoryLayer.csproj", "{153A9F9C-A6D8-4D89-BBCB-6179FFD98B42}"
EndProject
Project("{FAE04EC0-301F-11D3-BF4B-00C04F79EFBC}") = "CommonLayer", "..\CommonLayer\CommonLayer.csproj", "{D09D2220-E610-46EC-B718-423C49D1FC31}"
EndProject
Global
	GlobalSection(SolutionConfigurationPlatforms) = preSolution
		Debug|Any CPU = Debug|Any CPU
		Release|Any CPU = Release|Any CPU
	EndGlobalSection
	GlobalSection(ProjectConfigurationPlatforms) = postSolution
		{9F861E89-B1BD-41DF-B2E3-A4F8D67A5F43}.Debug|Any CPU.ActiveCfg = Debug|Any CPU
		{9F861E89-B1BD-41DF-B2E3-A4F8D67A5F43}.Debug|Any CPU.Build.0 = Debug|Any CPU
		{9F861E89-B1BD-41DF-B2E3-A4F8D67A5F43}.Release|Any CPU.ActiveCfg = Release|Any CPU
		{9F861E89-B1BD-41DF-B2E3-A4F8D67A5F43}.Release|Any CPU.Build.0 = Release|Any CPU
		{9AD7F17F-FB91-47F1-B2DE-558C22F0D2CD}.Debug|Any CPU.ActiveCfg = Debug|Any CPU
		{9AD7F17F-FB91-47F1-B2DE-558C22F0D2CD}.Debug|Any CPU.Build.0 = Debug|Any CPU
		{9AD7F17F-FB91-47F1-B2DE-558C22F0D2CD}.Release|Any CPU.ActiveCfg = Release|Any CPU
		{9AD7F17F-FB91-47F1-B2DE-558C22F0D2CD}.Release|Any CPU.Build.0 = Release|Any CPU
		{153A9F9C-A6D8-4D89-BBCB-6179FFD98B42}.Debug|Any CPU.ActiveCfg = Debug|Any CPU
		{153A9F9C-A6D8-4D89-BBCB-6179FFD98B42}.Debug|Any CPU.Build.0 = Debug|Any CPU
		{153A9F9C-A6D8-4D89-BBCB-6179FFD98B42}.Release|Any CPU.ActiveCfg = Release|Any CPU
		{153A9F9C-A6D8-4D89-BBCB-6179FFD98B42}.Release|Any CPU.Build.0 = Release|Any CPU
		{D09D2220-E610-46EC-B718-423C49D1FC31}.Debug|Any CPU.ActiveCfg = Debug|Any CPU
		{D09D2220-E610-46EC-B718-423C49D1FC31}.Debug|Any CPU.Build.0 = Debug|Any CPU
		{D09D2220-E610-46EC-B718-423C49D1FC31}.Release|Any CPU.ActiveCfg = Release|Any CPU
		{D09D2220-E610-46EC-B718-423C49D1FC31}.Release|Any CPU.Build.0 = Release|Any CPU
	EndGlobalSection
	GlobalSection(SolutionProperties) = preSolution
		HideSolutionNode = FALSE
	EndGlobalSection
	GlobalSection(ExtensibilityGlobals) = postSolution
		SolutionGuid = {6102068F-CD97-41A3-8141-4A8479E65D91}
	EndGlobalSection
EndGlobal
